Microsoft Visual Studio Solution File, Format Version 11.00
# Visual Studio 2008

Project("{F3FF255E-85A9-64FC-3949-AF753E440BFA}") = "gravity_wars", "Assembly-CSharp-vs.csproj", "{BAD07E0A-8017-3CD8-EB02-9B5857F9AA49}"
EndProject
Global
	GlobalSection(SolutionConfigurationPlatforms) = preSolution
		Debug|Any CPU = Debug|Any CPU
		Release|Any CPU = Release|Any CPU
	EndGlobalSection
	GlobalSection(ProjectConfigurationPlatforms) = postSolution
		{BAD07E0A-8017-3CD8-EB02-9B5857F9AA49}.Debug|Any CPU.ActiveCfg = Debug|Any CPU
		{BAD07E0A-8017-3CD8-EB02-9B5857F9AA49}.Debug|Any CPU.Build.0 = Debug|Any CPU
		{BAD07E0A-8017-3CD8-EB02-9B5857F9AA49}.Release|Any CPU.ActiveCfg = Release|Any CPU
		{BAD07E0A-8017-3CD8-EB02-9B5857F9AA49}.Release|Any CPU.Build.0 = Release|Any CPU
	EndGlobalSection
	GlobalSection(SolutionProperties) = preSolution
		HideSolutionNode = FALSE
	EndGlobalSection
		GlobalSection(MonoDevelopProperties) = preSolution
		StartupItem = Assembly-CSharp.csproj
		Policies = $0
		$0.TextStylePolicy = $1
		$1.inheritsSet = null
		$1.scope = text/x-csharp
		$0.CSharpFormattingPolicy = $2
		$2.inheritsSet = Mono
		$2.inheritsScope = text/x-csharp
		$2.scope = text/x-csharp
		$0.TextStylePolicy = $3
		$3.FileWidth = 120
		$3.TabWidth = 4
		$3.IndentWidth = 4
		$3.EolMarker = Unix
		$3.inheritsSet = Mono
		$3.inheritsScope = text/plain
		$3.scope = text/plain
	EndGlobalSection

EndGlobal
